
Microsoft Visual Studio Solution File, Format Version 12.00
# Visual Studio Version 17
VisualStudioVersion = 17.8.34601.278
MinimumVisualStudioVersion = 10.0.40219.1
Project("{FAE04EC0-301F-11D3-BF4B-00C04F79EFBC}") = "CarbonFootprintClient", "CarbonFootprintClient.csproj", "{B24A7B46-7D6C-43BE-BA0E-6AA24C8FD5C7}"
EndProject
Global
	GlobalSection(SolutionConfigurationPlatforms) = preSolution
		Debug|Any CPU = Debug|Any CPU
		Release|Any CPU = Release|Any CPU
	EndGlobalSection
	GlobalSection(ProjectConfigurationPlatforms) = postSolution
		{B24A7B46-7D6C-43BE-BA0E-6AA24C8FD5C7}.Debug|Any CPU.ActiveCfg = Debug|Any CPU
		{B24A7B46-7D6C-43BE-BA0E-6AA24C8FD5C7}.Debug|Any CPU.Build.0 = Debug|Any CPU
		{B24A7B46-7D6C-43BE-BA0E-6AA24C8FD5C7}.Release|Any CPU.ActiveCfg = Release|Any CPU
		{B24A7B46-7D6C-43BE-BA0E-6AA24C8FD5C7}.Release|Any CPU.Build.0 = Release|Any CPU
	EndGlobalSection
	GlobalSection(SolutionProperties) = preSolution
		HideSolutionNode = FALSE
	EndGlobalSection
	GlobalSection(ExtensibilityGlobals) = postSolution
		SolutionGuid = {CED25ED9-B123-4E24-9D06-C79875F460E7}
	EndGlobalSection
EndGlobal
